
Microsoft Visual Studio Solution File, Format Version 12.00
# Visual Studio Version 17
VisualStudioVersion = 17.0.31903.59
MinimumVisualStudioVersion = 10.0.40219.1
Project("{FAE04EC0-301F-11D3-BF4B-00C04F79EFBC}") = "Back.Domain", "Back.Domain\Back.Domain.csproj", "{BD0D19F6-02C9-4B31-8BFC-13D168FCEEE5}"
EndProject
Project("{FAE04EC0-301F-11D3-BF4B-00C04F79EFBC}") = "Back.Application", "Back.Application\Back.Application.csproj", "{309EAB19-D1AD-4342-BE08-76F8022E1376}"
EndProject
Project("{FAE04EC0-301F-11D3-BF4B-00C04F79EFBC}") = "Back.Infrastructure", "Back.Infrastructure\Back.Infrastructure.csproj", "{266610E0-0FDB-4B68-83EF-9A4DC3908086}"
EndProject
Project("{FAE04EC0-301F-11D3-BF4B-00C04F79EFBC}") = "Back.WebApi", "Back.WebApi\Back.WebApi.csproj", "{711A7BEC-70A3-40A3-B54B-11AEB033B900}"
EndProject
Global
	GlobalSection(SolutionConfigurationPlatforms) = preSolution
		Debug|Any CPU = Debug|Any CPU
		Debug|x64 = Debug|x64
		Debug|x86 = Debug|x86
		Release|Any CPU = Release|Any CPU
		Release|x64 = Release|x64
		Release|x86 = Release|x86
	EndGlobalSection
	GlobalSection(ProjectConfigurationPlatforms) = postSolution
		{BD0D19F6-02C9-4B31-8BFC-13D168FCEEE5}.Debug|Any CPU.ActiveCfg = Debug|Any CPU
		{BD0D19F6-02C9-4B31-8BFC-13D168FCEEE5}.Debug|Any CPU.Build.0 = Debug|Any CPU
		{BD0D19F6-02C9-4B31-8BFC-13D168FCEEE5}.Debug|x64.ActiveCfg = Debug|Any CPU
		{BD0D19F6-02C9-4B31-8BFC-13D168FCEEE5}.Debug|x64.Build.0 = Debug|Any CPU
		{BD0D19F6-02C9-4B31-8BFC-13D168FCEEE5}.Debug|x86.ActiveCfg = Debug|Any CPU
		{BD0D19F6-02C9-4B31-8BFC-13D168FCEEE5}.Debug|x86.Build.0 = Debug|Any CPU
		{BD0D19F6-02C9-4B31-8BFC-13D168FCEEE5}.Release|Any CPU.ActiveCfg = Release|Any CPU
		{BD0D19F6-02C9-4B31-8BFC-13D168FCEEE5}.Release|Any CPU.Build.0 = Release|Any CPU
		{BD0D19F6-02C9-4B31-8BFC-13D168FCEEE5}.Release|x64.ActiveCfg = Release|Any CPU
		{BD0D19F6-02C9-4B31-8BFC-13D168FCEEE5}.Release|x64.Build.0 = Release|Any CPU
		{BD0D19F6-02C9-4B31-8BFC-13D168FCEEE5}.Release|x86.ActiveCfg = Release|Any CPU
		{BD0D19F6-02C9-4B31-8BFC-13D168FCEEE5}.Release|x86.Build.0 = Release|Any CPU
		{309EAB19-D1AD-4342-BE08-76F8022E1376}.Debug|Any CPU.ActiveCfg = Debug|Any CPU
		{309EAB19-D1AD-4342-BE08-76F8022E1376}.Debug|Any CPU.Build.0 = Debug|Any CPU
		{309EAB19-D1AD-4342-BE08-76F8022E1376}.Debug|x64.ActiveCfg = Debug|Any CPU
		{309EAB19-D1AD-4342-BE08-76F8022E1376}.Debug|x64.Build.0 = Debug|Any CPU
		{309EAB19-D1AD-4342-BE08-76F8022E1376}.Debug|x86.ActiveCfg = Debug|Any CPU
		{309EAB19-D1AD-4342-BE08-76F8022E1376}.Debug|x86.Build.0 = Debug|Any CPU
		{309EAB19-D1AD-4342-BE08-76F8022E1376}.Release|Any CPU.ActiveCfg = Release|Any CPU
		{309EAB19-D1AD-4342-BE08-76F8022E1376}.Release|Any CPU.Build.0 = Release|Any CPU
		{309EAB19-D1AD-4342-BE08-76F8022E1376}.Release|x64.ActiveCfg = Release|Any CPU
		{309EAB19-D1AD-4342-BE08-76F8022E1376}.Release|x64.Build.0 = Release|Any CPU
		{309EAB19-D1AD-4342-BE08-76F8022E1376}.Release|x86.ActiveCfg = Release|Any CPU
		{309EAB19-D1AD-4342-BE08-76F8022E1376}.Release|x86.Build.0 = Release|Any CPU
		{266610E0-0FDB-4B68-83EF-9A4DC3908086}.Debug|Any CPU.ActiveCfg = Debug|Any CPU
		{266610E0-0FDB-4B68-83EF-9A4DC3908086}.Debug|Any CPU.Build.0 = Debug|Any CPU
		{266610E0-0FDB-4B68-83EF-9A4DC3908086}.Debug|x64.ActiveCfg = Debug|Any CPU
		{266610E0-0FDB-4B68-83EF-9A4DC3908086}.Debug|x64.Build.0 = Debug|Any CPU
		{266610E0-0FDB-4B68-83EF-9A4DC3908086}.Debug|x86.ActiveCfg = Debug|Any CPU
		{266610E0-0FDB-4B68-83EF-9A4DC3908086}.Debug|x86.Build.0 = Debug|Any CPU
		{266610E0-0FDB-4B68-83EF-9A4DC3908086}.Release|Any CPU.ActiveCfg = Release|Any CPU
		{266610E0-0FDB-4B68-83EF-9A4DC3908086}.Release|Any CPU.Build.0 = Release|Any CPU
		{266610E0-0FDB-4B68-83EF-9A4DC3908086}.Release|x64.ActiveCfg = Release|Any CPU
		{266610E0-0FDB-4B68-83EF-9A4DC3908086}.Release|x64.Build.0 = Release|Any CPU
		{266610E0-0FDB-4B68-83EF-9A4DC3908086}.Release|x86.ActiveCfg = Release|Any CPU
		{266610E0-0FDB-4B68-83EF-9A4DC3908086}.Release|x86.Build.0 = Release|Any CPU
		{711A7BEC-70A3-40A3-B54B-11AEB033B900}.Debug|Any CPU.ActiveCfg = Debug|Any CPU
		{711A7BEC-70A3-40A3-B54B-11AEB033B900}.Debug|Any CPU.Build.0 = Debug|Any CPU
		{711A7BEC-70A3-40A3-B54B-11AEB033B900}.Debug|x64.ActiveCfg = Debug|Any CPU
		{711A7BEC-70A3-40A3-B54B-11AEB033B900}.Debug|x64.Build.0 = Debug|Any CPU
		{711A7BEC-70A3-40A3-B54B-11AEB033B900}.Debug|x86.ActiveCfg = Debug|Any CPU
		{711A7BEC-70A3-40A3-B54B-11AEB033B900}.Debug|x86.Build.0 = Debug|Any CPU
		{711A7BEC-70A3-40A3-B54B-11AEB033B900}.Release|Any CPU.ActiveCfg = Release|Any CPU
		{711A7BEC-70A3-40A3-B54B-11AEB033B900}.Release|Any CPU.Build.0 = Release|Any CPU
		{711A7BEC-70A3-40A3-B54B-11AEB033B900}.Release|x64.ActiveCfg = Release|Any CPU
		{711A7BEC-70A3-40A3-B54B-11AEB033B900}.Release|x64.Build.0 = Release|Any CPU
		{711A7BEC-70A3-40A3-B54B-11AEB033B900}.Release|x86.ActiveCfg = Release|Any CPU
		{711A7BEC-70A3-40A3-B54B-11AEB033B900}.Release|x86.Build.0 = Release|Any CPU
	EndGlobalSection
	GlobalSection(SolutionProperties) = preSolution
		HideSolutionNode = FALSE
	EndGlobalSection
EndGlobal
